<?xml version="1.0" encoding="utf-8"?>
<Project ToolsVersion="4.0" xmlns="http://schemas.microsoft.com/developer/msbuild/2003">
  <ItemGroup>
    <Filter Include="COM">
      <UniqueIdentifier>{d97cc1c5-9faf-4ee9-be46-37e94604bc5d}</UniqueIdentifier>
    </Filter>
    <Filter Include="Docs">
      <UniqueIdentifier>{cd353e4d-964e-4bb6-8d75-de5d1ca017cf}</UniqueIdentifier>
    </Filter>
    <Filter Include="Generated Files">
      <UniqueIdentifier>{def3efa8-f424-4694-86ba-17d7282aead6}</UniqueIdentifier>
      <SourceControlFiles>False</SourceControlFiles>
    </Filter>
    <Filter Include="Header Files">
      <UniqueIdentifier>{93995380-89BD-4b04-88EB-625FBE52EBFB}</UniqueIdentifier>
      <Extensions>h;hpp;hxx;hm;inl;inc;xsd</Extensions>
    </Filter>
    <Filter Include="Resource Files">
      <UniqueIdentifier>{67DA6AB6-F800-4c08-8B7A-83BB121AAD01}</UniqueIdentifier>
      <Extensions>rc;ico;cur;bmp;dlg;rc2;rct;bin;rgs;gif;jpg;jpeg;jpe;resx;tiff;tif;png;wav</Extensions>
    </Filter>
    <Filter Include="SDK">
      <UniqueIdentifier>{20a2f8de-34c7-4b96-abc2-5d7f4b695350}</UniqueIdentifier>
    </Filter>
    <Filter Include="Source Files">
      <UniqueIdentifier>{4FC737F1-C7A5-4376-A066-2A32D752A2FF}</UniqueIdentifier>
      <Extensions>cpp;c;cc;cxx;def;odl;idl;hpj;bat;asm;asmx</Extensions>
    </Filter>
  </ItemGroup>
  <ItemGroup>
    <ClCompile Include="COMError.cpp">
      <Filter>Source Files</Filter>
    </ClCompile>
    <ClCompile Include="dlldatax.c">
      <Filter>Source Files</Filter>
    </ClCompile>
    <ClCompile Include="DXTaskbar7.cpp">
      <Filter>Source Files</Filter>
    </ClCompile>
    <ClCompile Include="DXTaskbar7_i.c">
      <Filter>Generated Files</Filter>
    </ClCompile>
    <ClCompile Include="stdafx.cpp">
      <Filter>Source Files</Filter>
    </ClCompile>
    <ClCompile Include="Taskbar7.cpp">
      <Filter>COM</Filter>
    </ClCompile>
  </ItemGroup>
  <ItemGroup>
    <ClInclude Include="..\..\SDK\SDPlugin.h">
      <Filter>SDK</Filter>
    </ClInclude>
    <ClInclude Include="..\..\SDK\SDScriptedPlugin.h">
      <Filter>SDK</Filter>
    </ClInclude>
    <ClInclude Include="COMError.h">
      <Filter>Header Files</Filter>
    </ClInclude>
    <ClInclude Include="Config.h">
      <Filter>Generated Files</Filter>
    </ClInclude>
    <ClInclude Include="dlldatax.h">
      <Filter>Header Files</Filter>
    </ClInclude>
    <ClInclude Include="DXTaskbar7.h">
      <Filter>Generated Files</Filter>
    </ClInclude>
    <ClInclude Include="HelperMacros.h">
      <Filter>Header Files</Filter>
    </ClInclude>
    <ClInclude Include="Resource.h">
      <Filter>Resource Files</Filter>
    </ClInclude>
    <ClInclude Include="stdafx.h">
      <Filter>Header Files</Filter>
    </ClInclude>
    <ClInclude Include="Taskbar7.h">
      <Filter>COM</Filter>
    </ClInclude>
    <ClInclude Include="Taskbar7Errors.h">
      <Filter>COM</Filter>
    </ClInclude>
  </ItemGroup>
  <ItemGroup>
    <None Include="..\Docs\Readme.txt">
      <Filter>Docs</Filter>
    </None>
    <None Include="..\Widget\DXTaskbar7Defines.vbs">
      <Filter>Docs</Filter>
    </None>
    <None Include="DXTaskbar7.def">
      <Filter>Resource Files</Filter>
    </None>
    <None Include="Taskbar7.rgs">
      <Filter>Resource Files</Filter>
    </None>
  </ItemGroup>
  <ItemGroup>
    <ResourceCompile Include="DXTaskbar7.rc">
      <Filter>Resource Files</Filter>
    </ResourceCompile>
  </ItemGroup>
  <ItemGroup>
    <Midl Include="DXTaskbar7.idl">
      <Filter>COM</Filter>
    </Midl>
  </ItemGroup>
  <ItemGroup>
    <CustomBuild Include="Config.tpl">
      <Filter>Resource Files</Filter>
    </CustomBuild>
  </ItemGroup>
</Project>