<?xml version="1.0" encoding="utf-8"?>
<Project ToolsVersion="4.0" xmlns="http://schemas.microsoft.com/developer/msbuild/2003">
  <ItemGroup>
    <Filter Include="Header Files">
      <UniqueIdentifier>{899fc11d-76f8-41c6-a0cc-f58a496cda37}</UniqueIdentifier>
      <Extensions>h;hpp;hxx;hm;inl</Extensions>
    </Filter>
    <Filter Include="Resource Files">
      <UniqueIdentifier>{da24fd2c-1f87-4082-9ae0-5f438ff6df42}</UniqueIdentifier>
      <Extensions>ico;cur;bmp;dlg;rc2;rct;bin;rgs;gif;jpg;jpeg;jpe</Extensions>
    </Filter>
    <Filter Include="Source Files">
      <UniqueIdentifier>{80541a2b-3579-4601-a11f-d2b421c178a4}</UniqueIdentifier>
      <Extensions>cpp;c;cxx;rc;def;r;odl;idl;hpj;bat</Extensions>
    </Filter>
  </ItemGroup>
  <ItemGroup>
    <ClCompile Include="AppConfig.cpp">
      <Filter>Source Files</Filter>
    </ClCompile>
    <ClCompile Include="CClientModel.cpp">
      <Filter>Source Files</Filter>
    </ClCompile>
    <ClCompile Include="CCompositeOverlay.cpp">
      <Filter>Source Files</Filter>
    </ClCompile>
    <ClCompile Include="CControllerFactory.cpp">
      <Filter>Source Files</Filter>
    </ClCompile>
    <ClCompile Include="CMeterDialog.cpp">
      <Filter>Source Files</Filter>
    </ClCompile>
    <ClCompile Include="CMeterFactory.cpp">
      <Filter>Source Files</Filter>
    </ClCompile>
    <ClCompile Include="CMeterHome.cpp">
      <Filter>Source Files</Filter>
    </ClCompile>
    <ClCompile Include="COMINIFile.cpp">
      <Filter>Source Files</Filter>
    </ClCompile>
    <ClCompile Include="CompositeOverlayDialog.cpp">
      <Filter>Source Files</Filter>
    </ClCompile>
    <ClCompile Include="ConfigureDialog.cpp">
      <Filter>Source Files</Filter>
    </ClCompile>
    <ClCompile Include="ControllerHome.cpp">
      <Filter>Source Files</Filter>
    </ClCompile>
    <ClCompile Include="ControllerPanel.cpp">
      <Filter>Source Files</Filter>
    </ClCompile>
    <ClCompile Include="COverlayFactory.cpp">
      <Filter>Source Files</Filter>
    </ClCompile>
    <ClCompile Include="COverlayHome.cpp">
      <Filter>Source Files</Filter>
    </ClCompile>
    <ClCompile Include="COverlayPanel.cpp">
      <Filter>Source Files</Filter>
    </ClCompile>
    <ClCompile Include="CRenameDialog.cpp">
      <Filter>Source Files</Filter>
    </ClCompile>
    <ClCompile Include="CSubject.cpp">
      <Filter>Source Files</Filter>
    </ClCompile>
    <ClCompile Include="dlldatax.c">
      <Filter>Source Files</Filter>
    </ClCompile>
    <ClCompile Include="IINIPersister.cpp">
      <Filter>Source Files</Filter>
    </ClCompile>
    <ClCompile Include="IniFile.cpp">
      <Filter>Source Files</Filter>
    </ClCompile>
    <ClCompile Include="IniSection.cpp">
      <Filter>Source Files</Filter>
    </ClCompile>
    <ClCompile Include="IScriptConsole.cpp">
      <Filter>Source Files</Filter>
    </ClCompile>
    <ClCompile Include="Label.cpp">
      <Filter>Source Files</Filter>
    </ClCompile>
    <ClCompile Include="MetaData.cpp">
      <Filter>Source Files</Filter>
    </ClCompile>
    <ClCompile Include="ModelPanel.cpp">
      <Filter>Source Files</Filter>
    </ClCompile>
    <ClCompile Include="PluginManager.cpp">
      <Filter>Source Files</Filter>
    </ClCompile>
    <ClCompile Include="QueueTimerService.cpp">
      <Filter>Source Files</Filter>
    </ClCompile>
    <ClCompile Include="ScriptConnectionObject.cpp">
      <Filter>Source Files</Filter>
    </ClCompile>
    <ClCompile Include="ScriptConsole.cpp">
      <Filter>Source Files</Filter>
    </ClCompile>
    <ClCompile Include="ScriptUtils.cpp">
      <Filter>Source Files</Filter>
    </ClCompile>
    <ClCompile Include="StdAfx.cpp">
      <Filter>Source Files</Filter>
    </ClCompile>
    <ClCompile Include="SysStatsCOM.cpp">
      <Filter>Source Files</Filter>
    </ClCompile>
    <ClCompile Include="WeakReference.cpp">
      <Filter>Source Files</Filter>
    </ClCompile>
    <ClCompile Include="WeakTarget.cpp">
      <Filter>Source Files</Filter>
    </ClCompile>
  </ItemGroup>
  <ItemGroup>
    <Midl Include="SysStatsCOM.idl">
      <Filter>Source Files</Filter>
    </Midl>
  </ItemGroup>
  <ItemGroup>
    <ResourceCompile Include="SysStatsCOM.rc">
      <Filter>Source Files</Filter>
    </ResourceCompile>
  </ItemGroup>
  <ItemGroup>
    <ClInclude Include="AppConfig.h">
      <Filter>Header Files</Filter>
    </ClInclude>
    <ClInclude Include="CategoryFactoryT.h">
      <Filter>Header Files</Filter>
    </ClInclude>
    <ClInclude Include="CClientModel.h">
      <Filter>Header Files</Filter>
    </ClInclude>
    <ClInclude Include="CCompositeOverlay.h">
      <Filter>Header Files</Filter>
    </ClInclude>
    <ClInclude Include="CControllerFactory.h">
      <Filter>Header Files</Filter>
    </ClInclude>
    <ClInclude Include="CMeterDialog.h">
      <Filter>Header Files</Filter>
    </ClInclude>
    <ClInclude Include="CMeterFactory.h">
      <Filter>Header Files</Filter>
    </ClInclude>
    <ClInclude Include="CMeterHome.h">
      <Filter>Header Files</Filter>
    </ClInclude>
    <ClInclude Include="COMINIFile.h">
      <Filter>Header Files</Filter>
    </ClInclude>
    <ClInclude Include="CompositeOverlayDialog.h">
      <Filter>Header Files</Filter>
    </ClInclude>
    <ClInclude Include="CompositeOverlayImpl.h">
      <Filter>Header Files</Filter>
    </ClInclude>
    <ClInclude Include="ConfigureDialog.h">
      <Filter>Header Files</Filter>
    </ClInclude>
    <ClInclude Include="ControllerHome.h">
      <Filter>Header Files</Filter>
    </ClInclude>
    <ClInclude Include="ControllerImpl.h">
      <Filter>Header Files</Filter>
    </ClInclude>
    <ClInclude Include="ControllerPanel.h">
      <Filter>Header Files</Filter>
    </ClInclude>
    <ClInclude Include="COverlayFactory.h">
      <Filter>Header Files</Filter>
    </ClInclude>
    <ClInclude Include="COverlayHome.h">
      <Filter>Header Files</Filter>
    </ClInclude>
    <ClInclude Include="COverlayPanel.h">
      <Filter>Header Files</Filter>
    </ClInclude>
    <ClInclude Include="CRenameDialog.h">
      <Filter>Header Files</Filter>
    </ClInclude>
    <ClInclude Include="CSubject.h">
      <Filter>Header Files</Filter>
    </ClInclude>
    <ClInclude Include="dlldatax.h">
      <Filter>Header Files</Filter>
    </ClInclude>
    <ClInclude Include="help_funcs.h">
      <Filter>Header Files</Filter>
    </ClInclude>
    <ClInclude Include="IINIPersister.h">
      <Filter>Header Files</Filter>
    </ClInclude>
    <ClInclude Include="IniFile.h">
      <Filter>Header Files</Filter>
    </ClInclude>
    <ClInclude Include="IniSection.h">
      <Filter>Header Files</Filter>
    </ClInclude>
    <ClInclude Include="IScriptConsole.h">
      <Filter>Header Files</Filter>
    </ClInclude>
    <ClInclude Include="Label.h">
      <Filter>Header Files</Filter>
    </ClInclude>
    <ClInclude Include="MetaData.h">
      <Filter>Header Files</Filter>
    </ClInclude>
    <ClInclude Include="MeterImpl.h">
      <Filter>Header Files</Filter>
    </ClInclude>
    <ClInclude Include="ModelPanel.h">
      <Filter>Header Files</Filter>
    </ClInclude>
    <ClInclude Include="OverlayImpl.h">
      <Filter>Header Files</Filter>
    </ClInclude>
    <ClInclude Include="PluginManager.h">
      <Filter>Header Files</Filter>
    </ClInclude>
    <ClInclude Include="QueueTimerService.h">
      <Filter>Header Files</Filter>
    </ClInclude>
    <ClInclude Include="Resource.h">
      <Filter>Header Files</Filter>
    </ClInclude>
    <ClInclude Include="ScriptConnectionObject.h">
      <Filter>Header Files</Filter>
    </ClInclude>
    <ClInclude Include="ScriptConsole.h">
      <Filter>Header Files</Filter>
    </ClInclude>
    <ClInclude Include="ScriptUtils.h">
      <Filter>Header Files</Filter>
    </ClInclude>
    <ClInclude Include="SimpleOverlayImpl.h">
      <Filter>Header Files</Filter>
    </ClInclude>
    <ClInclude Include="SimpleOverlayImpl2.h">
      <Filter>Header Files</Filter>
    </ClInclude>
    <ClInclude Include="StdAfx.h">
      <Filter>Header Files</Filter>
    </ClInclude>
    <ClInclude Include="TimerClientImpl.h">
      <Filter>Header Files</Filter>
    </ClInclude>
    <ClInclude Include="WeakReference.h">
      <Filter>Header Files</Filter>
    </ClInclude>
    <ClInclude Include="WeakTarget.h">
      <Filter>Header Files</Filter>
    </ClInclude>
  </ItemGroup>
  <ItemGroup>
    <CustomBuild Include="Animation.rgs">
      <Filter>Resource Files</Filter>
    </CustomBuild>
    <CustomBuild Include="AppConfig.rgs">
      <Filter>Resource Files</Filter>
    </CustomBuild>
    <CustomBuild Include="ClientModel.rgs">
      <Filter>Resource Files</Filter>
    </CustomBuild>
    <CustomBuild Include="COMINIFile.rgs">
      <Filter>Resource Files</Filter>
    </CustomBuild>
    <CustomBuild Include="CompositeOverlay.rgs">
      <Filter>Resource Files</Filter>
    </CustomBuild>
    <CustomBuild Include="Controller.rgs">
      <Filter>Resource Files</Filter>
    </CustomBuild>
    <CustomBuild Include="ControllerHome.rgs">
      <Filter>Resource Files</Filter>
    </CustomBuild>
    <CustomBuild Include="IINIPersister.rgs">
      <Filter>Resource Files</Filter>
    </CustomBuild>
    <CustomBuild Include="Label.rgs">
      <Filter>Resource Files</Filter>
    </CustomBuild>
    <CustomBuild Include="lientModel.rgs">
      <Filter>Resource Files</Filter>
    </CustomBuild>
    <CustomBuild Include="MetaData.rgs">
      <Filter>Resource Files</Filter>
    </CustomBuild>
    <CustomBuild Include="Meter.rgs">
      <Filter>Resource Files</Filter>
    </CustomBuild>
    <CustomBuild Include="meter1.bin">
      <Filter>Resource Files</Filter>
    </CustomBuild>
    <CustomBuild Include="MeterEvents.rgs">
      <Filter>Resource Files</Filter>
    </CustomBuild>
    <CustomBuild Include="MeterHome.rgs">
      <Filter>Resource Files</Filter>
    </CustomBuild>
    <CustomBuild Include="MeterHomeProps.rgs">
      <Filter>Resource Files</Filter>
    </CustomBuild>
    <CustomBuild Include="Obserrver.rgs">
      <Filter>Resource Files</Filter>
    </CustomBuild>
    <CustomBuild Include="Overlay.rgs">
      <Filter>Resource Files</Filter>
    </CustomBuild>
    <CustomBuild Include="OverlayHome.rgs">
      <Filter>Resource Files</Filter>
    </CustomBuild>
    <CustomBuild Include="Persister.rgs">
      <Filter>Resource Files</Filter>
    </CustomBuild>
    <CustomBuild Include="ScriptConnectionObject.rgs">
      <Filter>Resource Files</Filter>
    </CustomBuild>
    <CustomBuild Include="ScriptUtils.rgs">
      <Filter>Resource Files</Filter>
    </CustomBuild>
    <CustomBuild Include="SimpleOverlay2.rgs">
      <Filter>Resource Files</Filter>
    </CustomBuild>
    <CustomBuild Include="SysStatsCOM.def">
      <Filter>Source Files</Filter>
    </CustomBuild>
    <CustomBuild Include="SysStatsCOM.manifest" />
    <CustomBuild Include="Tester.rgs">
      <Filter>Resource Files</Filter>
    </CustomBuild>
    <CustomBuild Include="TimerClient.rgs">
      <Filter>Resource Files</Filter>
    </CustomBuild>
    <CustomBuild Include="TimerService.rgs">
      <Filter>Resource Files</Filter>
    </CustomBuild>
    <CustomBuild Include="TreeViewCombo.rgs">
      <Filter>Resource Files</Filter>
    </CustomBuild>
    <CustomBuild Include="WeakReference.rgs">
      <Filter>Resource Files</Filter>
    </CustomBuild>
    <CustomBuild Include="WeakTarget.rgs">
      <Filter>Resource Files</Filter>
    </CustomBuild>
    <CustomBuild Include="Whatever.rgs">
      <Filter>Resource Files</Filter>
    </CustomBuild>
  </ItemGroup>
</Project>