
Microsoft Visual Studio Solution File, Format Version 10.00
# Visual Studio 2008
Project("{8BC9CEB8-8B4A-11D0-8D11-00A0C91BC942}") = "DXTaskbar7", "DXTaskbar7\DXTaskbar7.vcproj", "{502AD8E8-C517-41BA-B0BF-02218086D2A1}"
EndProject
Global
	GlobalSection(SolutionConfigurationPlatforms) = preSolution
		Debug|Win32 = Debug|Win32
		Release|Win32 = Release|Win32
	EndGlobalSection
	GlobalSection(ProjectConfigurationPlatforms) = postSolution
		{502AD8E8-C517-41BA-B0BF-02218086D2A1}.Debug|Win32.ActiveCfg = Debug|Win32
		{502AD8E8-C517-41BA-B0BF-02218086D2A1}.Debug|Win32.Build.0 = Debug|Win32
		{502AD8E8-C517-41BA-B0BF-02218086D2A1}.Release|Win32.ActiveCfg = Release|Win32
		{502AD8E8-C517-41BA-B0BF-02218086D2A1}.Release|Win32.Build.0 = Release|Win32
	EndGlobalSection
	GlobalSection(SolutionProperties) = preSolution
		HideSolutionNode = FALSE
	EndGlobalSection
EndGlobal
