
Microsoft Visual Studio Solution File, Format Version 11.00
# Visual Studio 2010
Project("{8BC9CEB8-8B4A-11D0-8D11-00A0C91BC942}") = "libpng", "libpng.vcxproj", "{0008960E-E0DD-41A6-8265-00B31DDB4C21}"
EndProject
Project("{8BC9CEB8-8B4A-11D0-8D11-00A0C91BC942}") = "pango", "pango.vcxproj", "{538FB453-51A2-4A26-AA99-FC6832C4321B}"
EndProject
Project("{8BC9CEB8-8B4A-11D0-8D11-00A0C91BC942}") = "pangocairo", "pangocairo.vcxproj", "{A75AB486-0795-40DA-8B09-70EAF01AF85F}"
EndProject
Project("{8BC9CEB8-8B4A-11D0-8D11-00A0C91BC942}") = "pangowin32", "pangowin32.vcxproj", "{DBFDF018-843B-497D-9DCB-16A4658BE62C}"
EndProject
Project("{8BC9CEB8-8B4A-11D0-8D11-00A0C91BC942}") = "gmodule", "gmodule.vcxproj", "{4214047C-F5C1-40B3-8369-5DCED8C32770}"
EndProject
Project("{8BC9CEB8-8B4A-11D0-8D11-00A0C91BC942}") = "glib", "glib.vcxproj", "{12BCA020-EABF-429E-876A-A476BC9C10C0}"
EndProject
Project("{8BC9CEB8-8B4A-11D0-8D11-00A0C91BC942}") = "gobject", "gobject.vcxproj", "{F172EFFC-E30F-4593-809E-DB2024B1E753}"
EndProject
Project("{8BC9CEB8-8B4A-11D0-8D11-00A0C91BC942}") = "libintl", "libintl\libintl.vcxproj", "{51933D27-35BA-4680-95A8-480D14C8A9BA}"
EndProject
Project("{8BC9CEB8-8B4A-11D0-8D11-00A0C91BC942}") = "pixman", "pixman.vcxproj", "{11CF6B7B-BF41-474A-A81A-DF1B8D7FA65D}"
EndProject
Project("{8BC9CEB8-8B4A-11D0-8D11-00A0C91BC942}") = "libcairo", "libcairo.vcxproj", "{22D144B0-9535-4CA4-938D-64AF503C51A5}"
EndProject
Project("{8BC9CEB8-8B4A-11D0-8D11-00A0C91BC942}") = "zlibstat", "zlib\contrib\vstudio\vc10\zlibstat.vcxproj", "{745DEC58-EBB3-47A9-A9B8-4C6627C01BF8}"
EndProject
Global
	GlobalSection(SolutionConfigurationPlatforms) = preSolution
		Debug|Itanium = Debug|Itanium
		Debug|Win32 = Debug|Win32
		Debug|x64 = Debug|x64
		Release|Itanium = Release|Itanium
		Release|Win32 = Release|Win32
		Release|x64 = Release|x64
		ReleaseWithoutAsm|Itanium = ReleaseWithoutAsm|Itanium
		ReleaseWithoutAsm|Win32 = ReleaseWithoutAsm|Win32
		ReleaseWithoutAsm|x64 = ReleaseWithoutAsm|x64
	EndGlobalSection
	GlobalSection(ProjectConfigurationPlatforms) = postSolution
		{0008960E-E0DD-41A6-8265-00B31DDB4C21}.Debug|Itanium.ActiveCfg = Release|Win32
		{0008960E-E0DD-41A6-8265-00B31DDB4C21}.Debug|Win32.ActiveCfg = Release|Win32
		{0008960E-E0DD-41A6-8265-00B31DDB4C21}.Debug|Win32.Build.0 = Release|Win32
		{0008960E-E0DD-41A6-8265-00B31DDB4C21}.Debug|x64.ActiveCfg = Release|Win32
		{0008960E-E0DD-41A6-8265-00B31DDB4C21}.Release|Itanium.ActiveCfg = Release|Win32
		{0008960E-E0DD-41A6-8265-00B31DDB4C21}.Release|Win32.ActiveCfg = Release|Win32
		{0008960E-E0DD-41A6-8265-00B31DDB4C21}.Release|Win32.Build.0 = Release|Win32
		{0008960E-E0DD-41A6-8265-00B31DDB4C21}.Release|x64.ActiveCfg = Release|Win32
		{0008960E-E0DD-41A6-8265-00B31DDB4C21}.ReleaseWithoutAsm|Itanium.ActiveCfg = Release|Win32
		{0008960E-E0DD-41A6-8265-00B31DDB4C21}.ReleaseWithoutAsm|Win32.ActiveCfg = Release|Win32
		{0008960E-E0DD-41A6-8265-00B31DDB4C21}.ReleaseWithoutAsm|Win32.Build.0 = Release|Win32
		{0008960E-E0DD-41A6-8265-00B31DDB4C21}.ReleaseWithoutAsm|x64.ActiveCfg = Release|Win32
		{538FB453-51A2-4A26-AA99-FC6832C4321B}.Debug|Itanium.ActiveCfg = Release|Win32
		{538FB453-51A2-4A26-AA99-FC6832C4321B}.Debug|Win32.ActiveCfg = Release|Win32
		{538FB453-51A2-4A26-AA99-FC6832C4321B}.Debug|Win32.Build.0 = Release|Win32
		{538FB453-51A2-4A26-AA99-FC6832C4321B}.Debug|x64.ActiveCfg = Release|Win32
		{538FB453-51A2-4A26-AA99-FC6832C4321B}.Release|Itanium.ActiveCfg = Release|Win32
		{538FB453-51A2-4A26-AA99-FC6832C4321B}.Release|Win32.ActiveCfg = Release|Win32
		{538FB453-51A2-4A26-AA99-FC6832C4321B}.Release|Win32.Build.0 = Release|Win32
		{538FB453-51A2-4A26-AA99-FC6832C4321B}.Release|x64.ActiveCfg = Release|Win32
		{538FB453-51A2-4A26-AA99-FC6832C4321B}.ReleaseWithoutAsm|Itanium.ActiveCfg = Release|Win32
		{538FB453-51A2-4A26-AA99-FC6832C4321B}.ReleaseWithoutAsm|Win32.ActiveCfg = Release|Win32
		{538FB453-51A2-4A26-AA99-FC6832C4321B}.ReleaseWithoutAsm|Win32.Build.0 = Release|Win32
		{538FB453-51A2-4A26-AA99-FC6832C4321B}.ReleaseWithoutAsm|x64.ActiveCfg = Release|Win32
		{A75AB486-0795-40DA-8B09-70EAF01AF85F}.Debug|Itanium.ActiveCfg = Release|Win32
		{A75AB486-0795-40DA-8B09-70EAF01AF85F}.Debug|Win32.ActiveCfg = Release|Win32
		{A75AB486-0795-40DA-8B09-70EAF01AF85F}.Debug|Win32.Build.0 = Release|Win32
		{A75AB486-0795-40DA-8B09-70EAF01AF85F}.Debug|x64.ActiveCfg = Release|Win32
		{A75AB486-0795-40DA-8B09-70EAF01AF85F}.Release|Itanium.ActiveCfg = Release|Win32
		{A75AB486-0795-40DA-8B09-70EAF01AF85F}.Release|Win32.ActiveCfg = Release|Win32
		{A75AB486-0795-40DA-8B09-70EAF01AF85F}.Release|Win32.Build.0 = Release|Win32
		{A75AB486-0795-40DA-8B09-70EAF01AF85F}.Release|x64.ActiveCfg = Release|Win32
		{A75AB486-0795-40DA-8B09-70EAF01AF85F}.ReleaseWithoutAsm|Itanium.ActiveCfg = Release|Win32
		{A75AB486-0795-40DA-8B09-70EAF01AF85F}.ReleaseWithoutAsm|Win32.ActiveCfg = Release|Win32
		{A75AB486-0795-40DA-8B09-70EAF01AF85F}.ReleaseWithoutAsm|Win32.Build.0 = Release|Win32
		{A75AB486-0795-40DA-8B09-70EAF01AF85F}.ReleaseWithoutAsm|x64.ActiveCfg = Release|Win32
		{DBFDF018-843B-497D-9DCB-16A4658BE62C}.Debug|Itanium.ActiveCfg = Release|Win32
		{DBFDF018-843B-497D-9DCB-16A4658BE62C}.Debug|Win32.ActiveCfg = Release|Win32
		{DBFDF018-843B-497D-9DCB-16A4658BE62C}.Debug|Win32.Build.0 = Release|Win32
		{DBFDF018-843B-497D-9DCB-16A4658BE62C}.Debug|x64.ActiveCfg = Release|Win32
		{DBFDF018-843B-497D-9DCB-16A4658BE62C}.Release|Itanium.ActiveCfg = Release|Win32
		{DBFDF018-843B-497D-9DCB-16A4658BE62C}.Release|Win32.ActiveCfg = Release|Win32
		{DBFDF018-843B-497D-9DCB-16A4658BE62C}.Release|Win32.Build.0 = Release|Win32
		{DBFDF018-843B-497D-9DCB-16A4658BE62C}.Release|x64.ActiveCfg = Release|Win32
		{DBFDF018-843B-497D-9DCB-16A4658BE62C}.ReleaseWithoutAsm|Itanium.ActiveCfg = Release|Win32
		{DBFDF018-843B-497D-9DCB-16A4658BE62C}.ReleaseWithoutAsm|Win32.ActiveCfg = Release|Win32
		{DBFDF018-843B-497D-9DCB-16A4658BE62C}.ReleaseWithoutAsm|Win32.Build.0 = Release|Win32
		{DBFDF018-843B-497D-9DCB-16A4658BE62C}.ReleaseWithoutAsm|x64.ActiveCfg = Release|Win32
		{4214047C-F5C1-40B3-8369-5DCED8C32770}.Debug|Itanium.ActiveCfg = Release|Win32
		{4214047C-F5C1-40B3-8369-5DCED8C32770}.Debug|Win32.ActiveCfg = Release|Win32
		{4214047C-F5C1-40B3-8369-5DCED8C32770}.Debug|Win32.Build.0 = Release|Win32
		{4214047C-F5C1-40B3-8369-5DCED8C32770}.Debug|x64.ActiveCfg = Release|Win32
		{4214047C-F5C1-40B3-8369-5DCED8C32770}.Release|Itanium.ActiveCfg = Release|Win32
		{4214047C-F5C1-40B3-8369-5DCED8C32770}.Release|Win32.ActiveCfg = Release|Win32
		{4214047C-F5C1-40B3-8369-5DCED8C32770}.Release|Win32.Build.0 = Release|Win32
		{4214047C-F5C1-40B3-8369-5DCED8C32770}.Release|x64.ActiveCfg = Release|Win32
		{4214047C-F5C1-40B3-8369-5DCED8C32770}.ReleaseWithoutAsm|Itanium.ActiveCfg = Release|Win32
		{4214047C-F5C1-40B3-8369-5DCED8C32770}.ReleaseWithoutAsm|Win32.ActiveCfg = Release|Win32
		{4214047C-F5C1-40B3-8369-5DCED8C32770}.ReleaseWithoutAsm|Win32.Build.0 = Release|Win32
		{4214047C-F5C1-40B3-8369-5DCED8C32770}.ReleaseWithoutAsm|x64.ActiveCfg = Release|Win32
		{12BCA020-EABF-429E-876A-A476BC9C10C0}.Debug|Itanium.ActiveCfg = Release|Win32
		{12BCA020-EABF-429E-876A-A476BC9C10C0}.Debug|Win32.ActiveCfg = Release|Win32
		{12BCA020-EABF-429E-876A-A476BC9C10C0}.Debug|Win32.Build.0 = Release|Win32
		{12BCA020-EABF-429E-876A-A476BC9C10C0}.Debug|x64.ActiveCfg = Release|Win32
		{12BCA020-EABF-429E-876A-A476BC9C10C0}.Release|Itanium.ActiveCfg = Release|Win32
		{12BCA020-EABF-429E-876A-A476BC9C10C0}.Release|Win32.ActiveCfg = Release|Win32
		{12BCA020-EABF-429E-876A-A476BC9C10C0}.Release|Win32.Build.0 = Release|Win32
		{12BCA020-EABF-429E-876A-A476BC9C10C0}.Release|x64.ActiveCfg = Release|Win32
		{12BCA020-EABF-429E-876A-A476BC9C10C0}.ReleaseWithoutAsm|Itanium.ActiveCfg = Release|Win32
		{12BCA020-EABF-429E-876A-A476BC9C10C0}.ReleaseWithoutAsm|Win32.ActiveCfg = Release|Win32
		{12BCA020-EABF-429E-876A-A476BC9C10C0}.ReleaseWithoutAsm|Win32.Build.0 = Release|Win32
		{12BCA020-EABF-429E-876A-A476BC9C10C0}.ReleaseWithoutAsm|x64.ActiveCfg = Release|Win32
		{F172EFFC-E30F-4593-809E-DB2024B1E753}.Debug|Itanium.ActiveCfg = Release|Win32
		{F172EFFC-E30F-4593-809E-DB2024B1E753}.Debug|Win32.ActiveCfg = Release|Win32
		{F172EFFC-E30F-4593-809E-DB2024B1E753}.Debug|Win32.Build.0 = Release|Win32
		{F172EFFC-E30F-4593-809E-DB2024B1E753}.Debug|x64.ActiveCfg = Release|Win32
		{F172EFFC-E30F-4593-809E-DB2024B1E753}.Release|Itanium.ActiveCfg = Release|Win32
		{F172EFFC-E30F-4593-809E-DB2024B1E753}.Release|Win32.ActiveCfg = Release|Win32
		{F172EFFC-E30F-4593-809E-DB2024B1E753}.Release|Win32.Build.0 = Release|Win32
		{F172EFFC-E30F-4593-809E-DB2024B1E753}.Release|x64.ActiveCfg = Release|Win32
		{F172EFFC-E30F-4593-809E-DB2024B1E753}.ReleaseWithoutAsm|Itanium.ActiveCfg = Release|Win32
		{F172EFFC-E30F-4593-809E-DB2024B1E753}.ReleaseWithoutAsm|Win32.ActiveCfg = Release|Win32
		{F172EFFC-E30F-4593-809E-DB2024B1E753}.ReleaseWithoutAsm|Win32.Build.0 = Release|Win32
		{F172EFFC-E30F-4593-809E-DB2024B1E753}.ReleaseWithoutAsm|x64.ActiveCfg = Release|Win32
		{51933D27-35BA-4680-95A8-480D14C8A9BA}.Debug|Itanium.ActiveCfg = Release|Win32
		{51933D27-35BA-4680-95A8-480D14C8A9BA}.Debug|Win32.ActiveCfg = Release|Win32
		{51933D27-35BA-4680-95A8-480D14C8A9BA}.Debug|Win32.Build.0 = Release|Win32
		{51933D27-35BA-4680-95A8-480D14C8A9BA}.Debug|x64.ActiveCfg = Release|Win32
		{51933D27-35BA-4680-95A8-480D14C8A9BA}.Release|Itanium.ActiveCfg = Release|Win32
		{51933D27-35BA-4680-95A8-480D14C8A9BA}.Release|Win32.ActiveCfg = Release|Win32
		{51933D27-35BA-4680-95A8-480D14C8A9BA}.Release|Win32.Build.0 = Release|Win32
		{51933D27-35BA-4680-95A8-480D14C8A9BA}.Release|x64.ActiveCfg = Release|Win32
		{51933D27-35BA-4680-95A8-480D14C8A9BA}.ReleaseWithoutAsm|Itanium.ActiveCfg = Release|Win32
		{51933D27-35BA-4680-95A8-480D14C8A9BA}.ReleaseWithoutAsm|Win32.ActiveCfg = Release|Win32
		{51933D27-35BA-4680-95A8-480D14C8A9BA}.ReleaseWithoutAsm|Win32.Build.0 = Release|Win32
		{51933D27-35BA-4680-95A8-480D14C8A9BA}.ReleaseWithoutAsm|x64.ActiveCfg = Release|Win32
		{11CF6B7B-BF41-474A-A81A-DF1B8D7FA65D}.Debug|Itanium.ActiveCfg = Release|Win32
		{11CF6B7B-BF41-474A-A81A-DF1B8D7FA65D}.Debug|Win32.ActiveCfg = Release|Win32
		{11CF6B7B-BF41-474A-A81A-DF1B8D7FA65D}.Debug|Win32.Build.0 = Release|Win32
		{11CF6B7B-BF41-474A-A81A-DF1B8D7FA65D}.Debug|x64.ActiveCfg = Release|Win32
		{11CF6B7B-BF41-474A-A81A-DF1B8D7FA65D}.Release|Itanium.ActiveCfg = Release|Win32
		{11CF6B7B-BF41-474A-A81A-DF1B8D7FA65D}.Release|Win32.ActiveCfg = Release|Win32
		{11CF6B7B-BF41-474A-A81A-DF1B8D7FA65D}.Release|Win32.Build.0 = Release|Win32
		{11CF6B7B-BF41-474A-A81A-DF1B8D7FA65D}.Release|x64.ActiveCfg = Release|Win32
		{11CF6B7B-BF41-474A-A81A-DF1B8D7FA65D}.ReleaseWithoutAsm|Itanium.ActiveCfg = Release|Win32
		{11CF6B7B-BF41-474A-A81A-DF1B8D7FA65D}.ReleaseWithoutAsm|Win32.ActiveCfg = Release|Win32
		{11CF6B7B-BF41-474A-A81A-DF1B8D7FA65D}.ReleaseWithoutAsm|Win32.Build.0 = Release|Win32
		{11CF6B7B-BF41-474A-A81A-DF1B8D7FA65D}.ReleaseWithoutAsm|x64.ActiveCfg = Release|Win32
		{22D144B0-9535-4CA4-938D-64AF503C51A5}.Debug|Itanium.ActiveCfg = Release|Win32
		{22D144B0-9535-4CA4-938D-64AF503C51A5}.Debug|Win32.ActiveCfg = Release|Win32
		{22D144B0-9535-4CA4-938D-64AF503C51A5}.Debug|Win32.Build.0 = Release|Win32
		{22D144B0-9535-4CA4-938D-64AF503C51A5}.Debug|x64.ActiveCfg = Release|Win32
		{22D144B0-9535-4CA4-938D-64AF503C51A5}.Release|Itanium.ActiveCfg = Release|Win32
		{22D144B0-9535-4CA4-938D-64AF503C51A5}.Release|Win32.ActiveCfg = Release|Win32
		{22D144B0-9535-4CA4-938D-64AF503C51A5}.Release|Win32.Build.0 = Release|Win32
		{22D144B0-9535-4CA4-938D-64AF503C51A5}.Release|x64.ActiveCfg = Release|Win32
		{22D144B0-9535-4CA4-938D-64AF503C51A5}.ReleaseWithoutAsm|Itanium.ActiveCfg = Release|Win32
		{22D144B0-9535-4CA4-938D-64AF503C51A5}.ReleaseWithoutAsm|Win32.ActiveCfg = Release|Win32
		{22D144B0-9535-4CA4-938D-64AF503C51A5}.ReleaseWithoutAsm|Win32.Build.0 = Release|Win32
		{22D144B0-9535-4CA4-938D-64AF503C51A5}.ReleaseWithoutAsm|x64.ActiveCfg = Release|Win32
		{745DEC58-EBB3-47A9-A9B8-4C6627C01BF8}.Debug|Itanium.ActiveCfg = Debug|Itanium
		{745DEC58-EBB3-47A9-A9B8-4C6627C01BF8}.Debug|Itanium.Build.0 = Debug|Itanium
		{745DEC58-EBB3-47A9-A9B8-4C6627C01BF8}.Debug|Win32.ActiveCfg = Debug|Win32
		{745DEC58-EBB3-47A9-A9B8-4C6627C01BF8}.Debug|Win32.Build.0 = Debug|Win32
		{745DEC58-EBB3-47A9-A9B8-4C6627C01BF8}.Debug|x64.ActiveCfg = Debug|x64
		{745DEC58-EBB3-47A9-A9B8-4C6627C01BF8}.Debug|x64.Build.0 = Debug|x64
		{745DEC58-EBB3-47A9-A9B8-4C6627C01BF8}.Release|Itanium.ActiveCfg = Release|Itanium
		{745DEC58-EBB3-47A9-A9B8-4C6627C01BF8}.Release|Itanium.Build.0 = Release|Itanium
		{745DEC58-EBB3-47A9-A9B8-4C6627C01BF8}.Release|Win32.ActiveCfg = Release|Win32
		{745DEC58-EBB3-47A9-A9B8-4C6627C01BF8}.Release|Win32.Build.0 = Release|Win32
		{745DEC58-EBB3-47A9-A9B8-4C6627C01BF8}.Release|x64.ActiveCfg = Release|x64
		{745DEC58-EBB3-47A9-A9B8-4C6627C01BF8}.Release|x64.Build.0 = Release|x64
		{745DEC58-EBB3-47A9-A9B8-4C6627C01BF8}.ReleaseWithoutAsm|Itanium.ActiveCfg = ReleaseWithoutAsm|Itanium
		{745DEC58-EBB3-47A9-A9B8-4C6627C01BF8}.ReleaseWithoutAsm|Itanium.Build.0 = ReleaseWithoutAsm|Itanium
		{745DEC58-EBB3-47A9-A9B8-4C6627C01BF8}.ReleaseWithoutAsm|Win32.ActiveCfg = ReleaseWithoutAsm|Win32
		{745DEC58-EBB3-47A9-A9B8-4C6627C01BF8}.ReleaseWithoutAsm|Win32.Build.0 = ReleaseWithoutAsm|Win32
		{745DEC58-EBB3-47A9-A9B8-4C6627C01BF8}.ReleaseWithoutAsm|x64.ActiveCfg = ReleaseWithoutAsm|x64
		{745DEC58-EBB3-47A9-A9B8-4C6627C01BF8}.ReleaseWithoutAsm|x64.Build.0 = ReleaseWithoutAsm|x64
	EndGlobalSection
	GlobalSection(SolutionProperties) = preSolution
		HideSolutionNode = FALSE
	EndGlobalSection
EndGlobal
