<?xml version="1.0" encoding="utf-8"?>
<Project ToolsVersion="4.0" xmlns="http://schemas.microsoft.com/developer/msbuild/2003">
  <ItemGroup>
    <Filter Include="Header Files">
      <UniqueIdentifier>{93995380-89BD-4b04-88EB-625FBE52EBFB}</UniqueIdentifier>
      <Extensions>h;hpp;hxx;hm;inl;inc;xsd</Extensions>
    </Filter>
    <Filter Include="modules">
      <UniqueIdentifier>{fe1556b7-6095-41ef-9798-42a2ea976b0e}</UniqueIdentifier>
    </Filter>
    <Filter Include="modules\basic">
      <UniqueIdentifier>{4c7a6501-9c1c-4d31-aad4-68e3e5e8e122}</UniqueIdentifier>
    </Filter>
    <Filter Include="Resource Files">
      <UniqueIdentifier>{67DA6AB6-F800-4c08-8B7A-83BB121AAD01}</UniqueIdentifier>
      <Extensions>rc;ico;cur;bmp;dlg;rc2;rct;bin;rgs;gif;jpg;jpeg;jpe;resx;tiff;tif;png;wav</Extensions>
    </Filter>
    <Filter Include="Source Files">
      <UniqueIdentifier>{4FC737F1-C7A5-4376-A066-2A32D752A2FF}</UniqueIdentifier>
      <Extensions>cpp;c;cc;cxx;def;odl;idl;hpj;bat;asm;asmx</Extensions>
    </Filter>
  </ItemGroup>
  <ItemGroup>
    <ClCompile Include="pango\modules\basic\basic-win32.c">
      <Filter>modules\basic</Filter>
    </ClCompile>
    <ClCompile Include="pango\pango\module-defs-win32.c">
      <Filter>Source Files</Filter>
    </ClCompile>
    <ClCompile Include="pango\pango\pangowin32-fontcache.c">
      <Filter>Source Files</Filter>
    </ClCompile>
    <ClCompile Include="pango\pango\pangowin32-fontmap.c">
      <Filter>Source Files</Filter>
    </ClCompile>
    <ClCompile Include="pango\pango\pangowin32.c">
      <Filter>Source Files</Filter>
    </ClCompile>
  </ItemGroup>
  <ItemGroup>
    <ClInclude Include="pango\pango\pangowin32-private.h">
      <Filter>Header Files</Filter>
    </ClInclude>
    <ClInclude Include="pango\pango\pangowin32.h">
      <Filter>Header Files</Filter>
    </ClInclude>
  </ItemGroup>
</Project>