
Microsoft Visual Studio Solution File, Format Version 10.00
# Visual Studio 2008
Project("{16766E93-10EE-4AAB-9236-03EBD6DB80E0}") = "DXSysControl", "DXSysControl\DXSysControl.vcproj", "{46131C74-7C47-49E2-ACE4-F705CA2B575E}"
EndProject
Global
	GlobalSection(SolutionConfigurationPlatforms) = preSolution
		Debug|Win32 = Debug|Win32
		Release|Win32 = Release|Win32
	EndGlobalSection
	GlobalSection(ProjectConfigurationPlatforms) = postSolution
		{46131C74-7C47-49E2-ACE4-F705CA2B575E}.Debug|Win32.ActiveCfg = Debug|Win32
		{46131C74-7C47-49E2-ACE4-F705CA2B575E}.Debug|Win32.Build.0 = Debug|Win32
		{46131C74-7C47-49E2-ACE4-F705CA2B575E}.Release|Win32.ActiveCfg = Release|Win32
		{46131C74-7C47-49E2-ACE4-F705CA2B575E}.Release|Win32.Build.0 = Release|Win32
	EndGlobalSection
	GlobalSection(SolutionProperties) = preSolution
		HideSolutionNode = FALSE
	EndGlobalSection
EndGlobal
