<?xml version="1.0" encoding="utf-8"?>
<Project ToolsVersion="4.0" xmlns="http://schemas.microsoft.com/developer/msbuild/2003">
  <ItemGroup>
    <Filter Include="Header Files">
      <UniqueIdentifier>{f336c69e-54a6-4cf7-ba35-1525e0dbb854}</UniqueIdentifier>
      <Extensions>h;hpp;hxx;hm;inl</Extensions>
    </Filter>
    <Filter Include="Resource Files">
      <UniqueIdentifier>{6abe347f-ab27-4d0f-a6b6-710aaf4fc27b}</UniqueIdentifier>
      <Extensions>ico;cur;bmp;dlg;rc2;rct;bin;rgs;gif;jpg;jpeg;jpe</Extensions>
    </Filter>
    <Filter Include="Source Files">
      <UniqueIdentifier>{d32046b4-95da-4ebb-ae2f-7abb07145fee}</UniqueIdentifier>
      <Extensions>cpp;c;cxx;rc;def;r;odl;idl;hpj;bat</Extensions>
    </Filter>
  </ItemGroup>
  <ItemGroup>
    <ClCompile Include="ASyncScriptController.cpp">
      <Filter>Source Files</Filter>
    </ClCompile>
    <ClCompile Include="CDropTarget.cpp">
      <Filter>Source Files</Filter>
    </ClCompile>
    <ClCompile Include="COMControllers.cpp">
      <Filter>Source Files</Filter>
    </ClCompile>
    <ClCompile Include="CursorController.cpp">
      <Filter>Source Files</Filter>
    </ClCompile>
    <ClCompile Include="CursorControllerDialog.cpp">
      <Filter>Source Files</Filter>
    </ClCompile>
    <ClCompile Include="dlldatax.c">
      <Filter>Source Files</Filter>
    </ClCompile>
    <ClCompile Include="DropTargetController.cpp">
      <Filter>Source Files</Filter>
    </ClCompile>
    <ClCompile Include="DropTargetControllerDialog.cpp">
      <Filter>Source Files</Filter>
    </ClCompile>
    <ClCompile Include="HiddenWindow.cpp">
      <Filter>Source Files</Filter>
    </ClCompile>
    <ClCompile Include="MappedController.cpp">
      <Filter>Source Files</Filter>
    </ClCompile>
    <ClCompile Include="MappedControllerDialog.cpp">
      <Filter>Source Files</Filter>
    </ClCompile>
    <ClCompile Include="MessageSender.cpp">
      <Filter>Source Files</Filter>
    </ClCompile>
    <ClCompile Include="MessageSenderDialog.cpp">
      <Filter>Source Files</Filter>
    </ClCompile>
    <ClCompile Include="ScriptController.cpp">
      <Filter>Source Files</Filter>
    </ClCompile>
    <ClCompile Include="ScriptControllerDialog.cpp">
      <Filter>Source Files</Filter>
    </ClCompile>
    <ClCompile Include="ScriptControllerImpl.cpp">
      <Filter>Source Files</Filter>
    </ClCompile>
    <ClCompile Include="ScriptThread.cpp">
      <Filter>Source Files</Filter>
    </ClCompile>
    <ClCompile Include="Sens.cpp">
      <Filter>Source Files</Filter>
    </ClCompile>
    <ClCompile Include="SensDialog.cpp">
      <Filter>Source Files</Filter>
    </ClCompile>
    <ClCompile Include="Shortcut.cpp">
      <Filter>Source Files</Filter>
    </ClCompile>
    <ClCompile Include="ShortcutDialog.cpp">
      <Filter>Source Files</Filter>
    </ClCompile>
    <ClCompile Include="StdAfx.cpp">
      <Filter>Source Files</Filter>
    </ClCompile>
    <ClCompile Include="TimerController.cpp">
      <Filter>Source Files</Filter>
    </ClCompile>
    <ClCompile Include="TimerControllerDialog.cpp">
      <Filter>Source Files</Filter>
    </ClCompile>
    <ClCompile Include="ValueSetter.cpp">
      <Filter>Source Files</Filter>
    </ClCompile>
    <ClCompile Include="ValueSetterDialog.cpp">
      <Filter>Source Files</Filter>
    </ClCompile>
  </ItemGroup>
  <ItemGroup>
    <Midl Include="COMControllers.idl">
      <Filter>Source Files</Filter>
    </Midl>
  </ItemGroup>
  <ItemGroup>
    <ResourceCompile Include="COMControllers.rc">
      <Filter>Source Files</Filter>
    </ResourceCompile>
  </ItemGroup>
  <ItemGroup>
    <ClInclude Include="ASyncScriptController.h">
      <Filter>Header Files</Filter>
    </ClInclude>
    <ClInclude Include="CDropTarget.h">
      <Filter>Header Files</Filter>
    </ClInclude>
    <ClInclude Include="COMControllersCP.h">
      <Filter>Header Files</Filter>
    </ClInclude>
    <ClInclude Include="CursorController.h">
      <Filter>Header Files</Filter>
    </ClInclude>
    <ClInclude Include="CursorControllerDialog.h">
      <Filter>Header Files</Filter>
    </ClInclude>
    <ClInclude Include="dlldatax.h">
      <Filter>Header Files</Filter>
    </ClInclude>
    <ClInclude Include="DropTargetController.h">
      <Filter>Header Files</Filter>
    </ClInclude>
    <ClInclude Include="DropTargetControllerDialog.h">
      <Filter>Header Files</Filter>
    </ClInclude>
    <ClInclude Include="HiddenWindow.h">
      <Filter>Header Files</Filter>
    </ClInclude>
    <ClInclude Include="MappedController.h">
      <Filter>Header Files</Filter>
    </ClInclude>
    <ClInclude Include="MappedControllerDialog.h">
      <Filter>Header Files</Filter>
    </ClInclude>
    <ClInclude Include="MessageSender.h">
      <Filter>Header Files</Filter>
    </ClInclude>
    <ClInclude Include="MessageSenderDialog.h">
      <Filter>Header Files</Filter>
    </ClInclude>
    <ClInclude Include="MessageSenderImpl.h">
      <Filter>Header Files</Filter>
    </ClInclude>
    <ClInclude Include="Resource.h">
      <Filter>Header Files</Filter>
    </ClInclude>
    <ClInclude Include="ScriptController.h">
      <Filter>Header Files</Filter>
    </ClInclude>
    <ClInclude Include="ScriptControllerDialog.h">
      <Filter>Header Files</Filter>
    </ClInclude>
    <ClInclude Include="ScriptControllerImpl.h">
      <Filter>Header Files</Filter>
    </ClInclude>
    <ClInclude Include="ScriptThread.h">
      <Filter>Header Files</Filter>
    </ClInclude>
    <ClInclude Include="Sens.h">
      <Filter>Header Files</Filter>
    </ClInclude>
    <ClInclude Include="SensDialog.h">
      <Filter>Header Files</Filter>
    </ClInclude>
    <ClInclude Include="Shortcut.h">
      <Filter>Header Files</Filter>
    </ClInclude>
    <ClInclude Include="ShortcutDialog.h">
      <Filter>Header Files</Filter>
    </ClInclude>
    <ClInclude Include="StdAfx.h">
      <Filter>Header Files</Filter>
    </ClInclude>
    <ClInclude Include="TimerController.h">
      <Filter>Header Files</Filter>
    </ClInclude>
    <ClInclude Include="TimerControllerDialog.h">
      <Filter>Header Files</Filter>
    </ClInclude>
    <ClInclude Include="ValueSetter.h">
      <Filter>Header Files</Filter>
    </ClInclude>
    <ClInclude Include="ValueSetterDialog.h">
      <Filter>Header Files</Filter>
    </ClInclude>
  </ItemGroup>
  <ItemGroup>
    <CustomBuild Include="ASyncScriptController.rgs">
      <Filter>Resource Files</Filter>
    </CustomBuild>
    <CustomBuild Include="COMControllers.def">
      <Filter>Source Files</Filter>
    </CustomBuild>
    <CustomBuild Include="Cursor.rgs">
      <Filter>Resource Files</Filter>
    </CustomBuild>
    <CustomBuild Include="CursorController.rgs">
      <Filter>Resource Files</Filter>
    </CustomBuild>
    <CustomBuild Include="DropTarget.rgs">
      <Filter>Resource Files</Filter>
    </CustomBuild>
    <CustomBuild Include="DropTargetController.rgs">
      <Filter>Resource Files</Filter>
    </CustomBuild>
    <CustomBuild Include="MappedController.rgs">
      <Filter>Resource Files</Filter>
    </CustomBuild>
    <CustomBuild Include="MessageSender.rgs">
      <Filter>Resource Files</Filter>
    </CustomBuild>
    <CustomBuild Include="ScriptController.rgs">
      <Filter>Resource Files</Filter>
    </CustomBuild>
    <CustomBuild Include="ScriptControllerImpl.rgs">
      <Filter>Resource Files</Filter>
    </CustomBuild>
    <CustomBuild Include="Sens.rgs">
      <Filter>Resource Files</Filter>
    </CustomBuild>
    <CustomBuild Include="Shortcut.rgs">
      <Filter>Resource Files</Filter>
    </CustomBuild>
    <CustomBuild Include="TimerController.rgs">
      <Filter>Resource Files</Filter>
    </CustomBuild>
    <CustomBuild Include="ValueSetter.rgs">
      <Filter>Resource Files</Filter>
    </CustomBuild>
  </ItemGroup>
</Project>