<?xml version="1.0" encoding="utf-8"?>
<Project ToolsVersion="4.0" xmlns="http://schemas.microsoft.com/developer/msbuild/2003">
  <ItemGroup>
    <Filter Include="Header Files">
      <UniqueIdentifier>{c6b8d44b-8734-4a78-b952-b7407cb42add}</UniqueIdentifier>
      <Extensions>h;hpp;hxx;hm;inl</Extensions>
    </Filter>
    <Filter Include="Resource Files">
      <UniqueIdentifier>{fc462e52-428c-4074-8230-5ca6790caa19}</UniqueIdentifier>
      <Extensions>ico;cur;bmp;dlg;rc2;rct;bin;rgs;gif;jpg;jpeg;jpe</Extensions>
    </Filter>
    <Filter Include="Source Files">
      <UniqueIdentifier>{2c4b2d7e-429d-4197-9a0f-f5f91d61c7b2}</UniqueIdentifier>
      <Extensions>cpp;c;cxx;rc;def;r;odl;idl;hpj;bat</Extensions>
    </Filter>
  </ItemGroup>
  <ItemGroup>
    <ClCompile Include="Animation.cpp">
      <Filter>Source Files</Filter>
    </ClCompile>
    <ClCompile Include="AnimationDialog.cpp">
      <Filter>Source Files</Filter>
    </ClCompile>
    <ClCompile Include="ASyncScriptMeter.cpp">
      <Filter>Source Files</Filter>
    </ClCompile>
    <ClCompile Include="COMMeters.cpp">
      <Filter>Source Files</Filter>
    </ClCompile>
    <ClCompile Include="CPdh.cpp">
      <Filter>Source Files</Filter>
    </ClCompile>
    <ClCompile Include="DiskDialog.cpp">
      <Filter>Source Files</Filter>
    </ClCompile>
    <ClCompile Include="DiskMeter.cpp">
      <Filter>Source Files</Filter>
    </ClCompile>
    <ClCompile Include="dlldatax.c">
      <Filter>Source Files</Filter>
    </ClCompile>
    <ClCompile Include="FixedDialog.cpp">
      <Filter>Source Files</Filter>
    </ClCompile>
    <ClCompile Include="FixedMeter.cpp">
      <Filter>Source Files</Filter>
    </ClCompile>
    <ClCompile Include="HiddenWindow.cpp">
      <Filter>Source Files</Filter>
    </ClCompile>
    <ClCompile Include="IMailCheck.cpp">
      <Filter>Source Files</Filter>
    </ClCompile>
    <ClCompile Include="MailMeter.cpp">
      <Filter>Source Files</Filter>
    </ClCompile>
    <ClCompile Include="MailMeterDialog.cpp">
      <Filter>Source Files</Filter>
    </ClCompile>
    <ClCompile Include="MAPIMailCheck.cpp">
      <Filter>Source Files</Filter>
    </ClCompile>
    <ClCompile Include="MBMDialog.cpp">
      <Filter>Source Files</Filter>
    </ClCompile>
    <ClCompile Include="MBMMeter.cpp">
      <Filter>Source Files</Filter>
    </ClCompile>
    <ClCompile Include="MemoryDialog.cpp">
      <Filter>Source Files</Filter>
    </ClCompile>
    <ClCompile Include="MemoryMeter.cpp">
      <Filter>Source Files</Filter>
    </ClCompile>
    <ClCompile Include="PDHDialog.cpp">
      <Filter>Source Files</Filter>
    </ClCompile>
    <ClCompile Include="PDHMeter.cpp">
      <Filter>Source Files</Filter>
    </ClCompile>
    <ClCompile Include="Player.cpp">
      <Filter>Source Files</Filter>
    </ClCompile>
    <ClCompile Include="PlayerDialog.cpp">
      <Filter>Source Files</Filter>
    </ClCompile>
    <ClCompile Include="ScriptDialog.cpp">
      <Filter>Source Files</Filter>
    </ClCompile>
    <ClCompile Include="ScriptMeter.cpp">
      <Filter>Source Files</Filter>
    </ClCompile>
    <ClCompile Include="ScriptMeterImpl.cpp">
      <Filter>Source Files</Filter>
    </ClCompile>
    <ClCompile Include="ScriptThread.cpp">
      <Filter>Source Files</Filter>
    </ClCompile>
    <ClCompile Include="SpeedFanMeter.cpp">
      <Filter>Source Files</Filter>
    </ClCompile>
    <ClCompile Include="SpeedFanMeterDialog.cpp">
      <Filter>Source Files</Filter>
    </ClCompile>
    <ClCompile Include="StdAfx.cpp">
      <Filter>Source Files</Filter>
    </ClCompile>
    <ClCompile Include="TimeDialog.cpp">
      <Filter>Source Files</Filter>
    </ClCompile>
    <ClCompile Include="TimeMeter.cpp">
      <Filter>Source Files</Filter>
    </ClCompile>
    <ClCompile Include="UpdateThread.cpp">
      <Filter>Source Files</Filter>
    </ClCompile>
    <ClCompile Include="XMLDialog.cpp">
      <Filter>Source Files</Filter>
    </ClCompile>
    <ClCompile Include="XMLMeter.cpp">
      <Filter>Source Files</Filter>
    </ClCompile>
  </ItemGroup>
  <ItemGroup>
    <Midl Include="COMMeters.idl">
      <Filter>Source Files</Filter>
    </Midl>
  </ItemGroup>
  <ItemGroup>
    <ResourceCompile Include="COMMeters.rc">
      <Filter>Source Files</Filter>
    </ResourceCompile>
  </ItemGroup>
  <ItemGroup>
    <ClInclude Include="Animation.h">
      <Filter>Header Files</Filter>
    </ClInclude>
    <ClInclude Include="AnimationDialog.h">
      <Filter>Header Files</Filter>
    </ClInclude>
    <ClInclude Include="ASyncScriptMeter.h">
      <Filter>Header Files</Filter>
    </ClInclude>
    <ClInclude Include="COMMeters.h">
      <Filter>Header Files</Filter>
    </ClInclude>
    <ClInclude Include="COMMetersCP.h">
      <Filter>Header Files</Filter>
    </ClInclude>
    <ClInclude Include="CPdh.h">
      <Filter>Header Files</Filter>
    </ClInclude>
    <ClInclude Include="DiskDialog.h">
      <Filter>Header Files</Filter>
    </ClInclude>
    <ClInclude Include="DiskMeter.h">
      <Filter>Header Files</Filter>
    </ClInclude>
    <ClInclude Include="dlldatax.h">
      <Filter>Header Files</Filter>
    </ClInclude>
    <ClInclude Include="FixedDialog.h">
      <Filter>Header Files</Filter>
    </ClInclude>
    <ClInclude Include="FixedMeter.h">
      <Filter>Header Files</Filter>
    </ClInclude>
    <ClInclude Include="HiddenWindow.h">
      <Filter>Header Files</Filter>
    </ClInclude>
    <ClInclude Include="IMailCheck.h">
      <Filter>Header Files</Filter>
    </ClInclude>
    <ClInclude Include="MailMeter.h">
      <Filter>Header Files</Filter>
    </ClInclude>
    <ClInclude Include="MailMeterDialog.h">
      <Filter>Header Files</Filter>
    </ClInclude>
    <ClInclude Include="MAPIMailCheck.h">
      <Filter>Header Files</Filter>
    </ClInclude>
    <ClInclude Include="mbm.hpp">
      <Filter>Header Files</Filter>
    </ClInclude>
    <ClInclude Include="MBMDialog.h">
      <Filter>Header Files</Filter>
    </ClInclude>
    <ClInclude Include="MBMMeter.h">
      <Filter>Header Files</Filter>
    </ClInclude>
    <ClInclude Include="MemoryDialog.h">
      <Filter>Header Files</Filter>
    </ClInclude>
    <ClInclude Include="MemoryMeter.h">
      <Filter>Header Files</Filter>
    </ClInclude>
    <ClInclude Include="PDHDialog.h">
      <Filter>Header Files</Filter>
    </ClInclude>
    <ClInclude Include="PDHMeter.h">
      <Filter>Header Files</Filter>
    </ClInclude>
    <ClInclude Include="Player.h">
      <Filter>Header Files</Filter>
    </ClInclude>
    <ClInclude Include="PlayerDialog.h">
      <Filter>Header Files</Filter>
    </ClInclude>
    <ClInclude Include="Resource.h">
      <Filter>Header Files</Filter>
    </ClInclude>
    <ClInclude Include="ScriptDialog.h">
      <Filter>Header Files</Filter>
    </ClInclude>
    <ClInclude Include="ScriptMeter.h">
      <Filter>Header Files</Filter>
    </ClInclude>
    <ClInclude Include="ScriptMeterImpl.h">
      <Filter>Header Files</Filter>
    </ClInclude>
    <ClInclude Include="ScriptThread.h">
      <Filter>Header Files</Filter>
    </ClInclude>
    <ClInclude Include="speedfan.hpp">
      <Filter>Header Files</Filter>
    </ClInclude>
    <ClInclude Include="SpeedFanMeter.h">
      <Filter>Header Files</Filter>
    </ClInclude>
    <ClInclude Include="SpeedFanMeterDialog.h">
      <Filter>Header Files</Filter>
    </ClInclude>
    <ClInclude Include="StdAfx.h">
      <Filter>Header Files</Filter>
    </ClInclude>
    <ClInclude Include="TimeDialog.h">
      <Filter>Header Files</Filter>
    </ClInclude>
    <ClInclude Include="TimeMeter.h">
      <Filter>Header Files</Filter>
    </ClInclude>
    <ClInclude Include="UpdateThread.h">
      <Filter>Header Files</Filter>
    </ClInclude>
    <ClInclude Include="XMLDialog.h">
      <Filter>Header Files</Filter>
    </ClInclude>
    <ClInclude Include="XMLMeter.h">
      <Filter>Header Files</Filter>
    </ClInclude>
  </ItemGroup>
  <ItemGroup>
    <CustomBuild Include="Animation.rgs">
      <Filter>Resource Files</Filter>
    </CustomBuild>
    <CustomBuild Include="AnimationMetaData.xml" />
    <CustomBuild Include="ASyncScriptMeter.rgs">
      <Filter>Resource Files</Filter>
    </CustomBuild>
    <CustomBuild Include="COMMeters.def">
      <Filter>Source Files</Filter>
    </CustomBuild>
    <CustomBuild Include="DiskMeter.rgs">
      <Filter>Resource Files</Filter>
    </CustomBuild>
    <CustomBuild Include="FixedMeter.rgs">
      <Filter>Resource Files</Filter>
    </CustomBuild>
    <CustomBuild Include="MailMeter.rgs">
      <Filter>Resource Files</Filter>
    </CustomBuild>
    <CustomBuild Include="MailMeterMetaData.xml" />
    <CustomBuild Include="MBMMeter.rgs">
      <Filter>Resource Files</Filter>
    </CustomBuild>
    <CustomBuild Include="MemoryMeter.rgs">
      <Filter>Resource Files</Filter>
    </CustomBuild>
    <CustomBuild Include="PDHMeter.rgs">
      <Filter>Resource Files</Filter>
    </CustomBuild>
    <CustomBuild Include="Player.rgs">
      <Filter>Resource Files</Filter>
    </CustomBuild>
    <CustomBuild Include="PlayerMetaData.xml" />
    <CustomBuild Include="ScriptMeter.rgs">
      <Filter>Resource Files</Filter>
    </CustomBuild>
    <CustomBuild Include="ScriptMeterImpl.rgs">
      <Filter>Resource Files</Filter>
    </CustomBuild>
    <CustomBuild Include="SpeedFanMeter.rgs">
      <Filter>Resource Files</Filter>
    </CustomBuild>
    <CustomBuild Include="TimeMeter.rgs">
      <Filter>Resource Files</Filter>
    </CustomBuild>
    <CustomBuild Include="XMLMeter.rgs">
      <Filter>Resource Files</Filter>
    </CustomBuild>
  </ItemGroup>
</Project>