
Microsoft Visual Studio Solution File, Format Version 11.00
# Visual Studio 2010
Project("{8BC9CEB8-8B4A-11D0-8D11-00A0C91BC942}") = "ADLib", "ADLib\ADLib.vcxproj", "{64E3E5B8-0275-23B2-1296-28433C99F8E2}"
EndProject
Project("{8BC9CEB8-8B4A-11D0-8D11-00A0C91BC942}") = "COMControllers", "COMControllers\COMControllers.vcxproj", "{790AFE5E-F4A0-FB0D-BD62-75AC474EAA96}"
	ProjectSection(ProjectDependencies) = postProject
		{16A93F13-12D7-FD42-F1E5-BB9074C356A1} = {16A93F13-12D7-FD42-F1E5-BB9074C356A1}
		{8321B322-029A-7B06-D192-26CF86627B7D} = {8321B322-029A-7B06-D192-26CF86627B7D}
		{B1C12A49-02CA-84E9-B0C8-2B1C61AAE545} = {B1C12A49-02CA-84E9-B0C8-2B1C61AAE545}
		{9B3BE39C-EA6B-FE47-207C-4C0A85774652} = {9B3BE39C-EA6B-FE47-207C-4C0A85774652}
	EndProjectSection
EndProject
Project("{8BC9CEB8-8B4A-11D0-8D11-00A0C91BC942}") = "COMMeters", "COMMeters\COMMeters.vcxproj", "{B1C12A49-02CA-84E9-B0C8-2B1C61AAE545}"
	ProjectSection(ProjectDependencies) = postProject
		{16A93F13-12D7-FD42-F1E5-BB9074C356A1} = {16A93F13-12D7-FD42-F1E5-BB9074C356A1}
		{8321B322-029A-7B06-D192-26CF86627B7D} = {8321B322-029A-7B06-D192-26CF86627B7D}
	EndProjectSection
EndProject
Project("{8BC9CEB8-8B4A-11D0-8D11-00A0C91BC942}") = "COMOverlays", "COMOverlays\COMOverlays.vcxproj", "{F2B680DA-BB54-C8BD-68C8-98B708FBEB9E}"
	ProjectSection(ProjectDependencies) = postProject
		{16A93F13-12D7-FD42-F1E5-BB9074C356A1} = {16A93F13-12D7-FD42-F1E5-BB9074C356A1}
		{8321B322-029A-7B06-D192-26CF86627B7D} = {8321B322-029A-7B06-D192-26CF86627B7D}
	EndProjectSection
EndProject
Project("{8BC9CEB8-8B4A-11D0-8D11-00A0C91BC942}") = "Hook", "Hook\Hook.vcxproj", "{9B3BE39C-EA6B-FE47-207C-4C0A85774652}"
EndProject
Project("{8BC9CEB8-8B4A-11D0-8D11-00A0C91BC942}") = "ODDocklet", "ODDocklet\ODDocklet.vcxproj", "{5BDCD78A-5608-090B-CF4D-00E22DE633A2}"
EndProject
Project("{8BC9CEB8-8B4A-11D0-8D11-00A0C91BC942}") = "ODLib", "ODLib\ODLib.vcxproj", "{FB4FF327-BD7D-8A79-0673-44854853A079}"
EndProject
Project("{8BC9CEB8-8B4A-11D0-8D11-00A0C91BC942}") = "SysStatsApp", "SysStatsApp\SysStatsApp.vcxproj", "{2209A1BA-9370-91BA-1AAE-04ECC7EEDBB3}"
	ProjectSection(ProjectDependencies) = postProject
		{16A93F13-12D7-FD42-F1E5-BB9074C356A1} = {16A93F13-12D7-FD42-F1E5-BB9074C356A1}
		{8321B322-029A-7B06-D192-26CF86627B7D} = {8321B322-029A-7B06-D192-26CF86627B7D}
		{B1C12A49-02CA-84E9-B0C8-2B1C61AAE545} = {B1C12A49-02CA-84E9-B0C8-2B1C61AAE545}
		{790AFE5E-F4A0-FB0D-BD62-75AC474EAA96} = {790AFE5E-F4A0-FB0D-BD62-75AC474EAA96}
		{9B3BE39C-EA6B-FE47-207C-4C0A85774652} = {9B3BE39C-EA6B-FE47-207C-4C0A85774652}
		{F2B680DA-BB54-C8BD-68C8-98B708FBEB9E} = {F2B680DA-BB54-C8BD-68C8-98B708FBEB9E}
	EndProjectSection
EndProject
Project("{8BC9CEB8-8B4A-11D0-8D11-00A0C91BC942}") = "SysStatsCOM", "SysStatsCOM\SysStatsCOM.vcxproj", "{16A93F13-12D7-FD42-F1E5-BB9074C356A1}"
	ProjectSection(ProjectDependencies) = postProject
		{8321B322-029A-7B06-D192-26CF86627B7D} = {8321B322-029A-7B06-D192-26CF86627B7D}
	EndProjectSection
EndProject
Project("{8BC9CEB8-8B4A-11D0-8D11-00A0C91BC942}") = "SysStatsCommon", "SysStatsCommon\SysStatsCommon.vcxproj", "{8321B322-029A-7B06-D192-26CF86627B7D}"
EndProject
Project("{8BC9CEB8-8B4A-11D0-8D11-00A0C91BC942}") = "SysStatsODCOM", "SysStatsODCOM\SysStatsODCOM.vcxproj", "{827FD942-8FA6-D09B-39C2-CC63D12FD46F}"
	ProjectSection(ProjectDependencies) = postProject
		{16A93F13-12D7-FD42-F1E5-BB9074C356A1} = {16A93F13-12D7-FD42-F1E5-BB9074C356A1}
		{8321B322-029A-7B06-D192-26CF86627B7D} = {8321B322-029A-7B06-D192-26CF86627B7D}
		{FB4FF327-BD7D-8A79-0673-44854853A079} = {FB4FF327-BD7D-8A79-0673-44854853A079}
		{B1C12A49-02CA-84E9-B0C8-2B1C61AAE545} = {B1C12A49-02CA-84E9-B0C8-2B1C61AAE545}
		{790AFE5E-F4A0-FB0D-BD62-75AC474EAA96} = {790AFE5E-F4A0-FB0D-BD62-75AC474EAA96}
		{5BDCD78A-5608-090B-CF4D-00E22DE633A2} = {5BDCD78A-5608-090B-CF4D-00E22DE633A2}
		{9B3BE39C-EA6B-FE47-207C-4C0A85774652} = {9B3BE39C-EA6B-FE47-207C-4C0A85774652}
		{64E3E5B8-0275-23B2-1296-28433C99F8E2} = {64E3E5B8-0275-23B2-1296-28433C99F8E2}
		{F2B680DA-BB54-C8BD-68C8-98B708FBEB9E} = {F2B680DA-BB54-C8BD-68C8-98B708FBEB9E}
	EndProjectSection
EndProject
Global
	GlobalSection(SolutionConfigurationPlatforms) = preSolution
		Debug|Win32 = Debug|Win32
		Release|Win32 = Release|Win32
	EndGlobalSection
	GlobalSection(ProjectConfigurationPlatforms) = postSolution
		{64E3E5B8-0275-23B2-1296-28433C99F8E2}.Debug|Win32.ActiveCfg = Debug|Win32
		{64E3E5B8-0275-23B2-1296-28433C99F8E2}.Debug|Win32.Build.0 = Debug|Win32
		{64E3E5B8-0275-23B2-1296-28433C99F8E2}.Release|Win32.ActiveCfg = Release|Win32
		{64E3E5B8-0275-23B2-1296-28433C99F8E2}.Release|Win32.Build.0 = Release|Win32
		{790AFE5E-F4A0-FB0D-BD62-75AC474EAA96}.Debug|Win32.ActiveCfg = Debug|Win32
		{790AFE5E-F4A0-FB0D-BD62-75AC474EAA96}.Debug|Win32.Build.0 = Debug|Win32
		{790AFE5E-F4A0-FB0D-BD62-75AC474EAA96}.Release|Win32.ActiveCfg = Release|Win32
		{790AFE5E-F4A0-FB0D-BD62-75AC474EAA96}.Release|Win32.Build.0 = Release|Win32
		{B1C12A49-02CA-84E9-B0C8-2B1C61AAE545}.Debug|Win32.ActiveCfg = Debug|Win32
		{B1C12A49-02CA-84E9-B0C8-2B1C61AAE545}.Debug|Win32.Build.0 = Debug|Win32
		{B1C12A49-02CA-84E9-B0C8-2B1C61AAE545}.Release|Win32.ActiveCfg = Release|Win32
		{B1C12A49-02CA-84E9-B0C8-2B1C61AAE545}.Release|Win32.Build.0 = Release|Win32
		{F2B680DA-BB54-C8BD-68C8-98B708FBEB9E}.Debug|Win32.ActiveCfg = Debug|Win32
		{F2B680DA-BB54-C8BD-68C8-98B708FBEB9E}.Debug|Win32.Build.0 = Debug|Win32
		{F2B680DA-BB54-C8BD-68C8-98B708FBEB9E}.Release|Win32.ActiveCfg = Release|Win32
		{F2B680DA-BB54-C8BD-68C8-98B708FBEB9E}.Release|Win32.Build.0 = Release|Win32
		{9B3BE39C-EA6B-FE47-207C-4C0A85774652}.Debug|Win32.ActiveCfg = Debug|Win32
		{9B3BE39C-EA6B-FE47-207C-4C0A85774652}.Debug|Win32.Build.0 = Debug|Win32
		{9B3BE39C-EA6B-FE47-207C-4C0A85774652}.Release|Win32.ActiveCfg = Release|Win32
		{9B3BE39C-EA6B-FE47-207C-4C0A85774652}.Release|Win32.Build.0 = Release|Win32
		{5BDCD78A-5608-090B-CF4D-00E22DE633A2}.Debug|Win32.ActiveCfg = Debug|Win32
		{5BDCD78A-5608-090B-CF4D-00E22DE633A2}.Debug|Win32.Build.0 = Debug|Win32
		{5BDCD78A-5608-090B-CF4D-00E22DE633A2}.Release|Win32.ActiveCfg = Release|Win32
		{5BDCD78A-5608-090B-CF4D-00E22DE633A2}.Release|Win32.Build.0 = Release|Win32
		{FB4FF327-BD7D-8A79-0673-44854853A079}.Debug|Win32.ActiveCfg = Debug|Win32
		{FB4FF327-BD7D-8A79-0673-44854853A079}.Debug|Win32.Build.0 = Debug|Win32
		{FB4FF327-BD7D-8A79-0673-44854853A079}.Release|Win32.ActiveCfg = Release|Win32
		{FB4FF327-BD7D-8A79-0673-44854853A079}.Release|Win32.Build.0 = Release|Win32
		{2209A1BA-9370-91BA-1AAE-04ECC7EEDBB3}.Debug|Win32.ActiveCfg = Debug|Win32
		{2209A1BA-9370-91BA-1AAE-04ECC7EEDBB3}.Debug|Win32.Build.0 = Debug|Win32
		{2209A1BA-9370-91BA-1AAE-04ECC7EEDBB3}.Release|Win32.ActiveCfg = Release|Win32
		{2209A1BA-9370-91BA-1AAE-04ECC7EEDBB3}.Release|Win32.Build.0 = Release|Win32
		{16A93F13-12D7-FD42-F1E5-BB9074C356A1}.Debug|Win32.ActiveCfg = Debug|Win32
		{16A93F13-12D7-FD42-F1E5-BB9074C356A1}.Debug|Win32.Build.0 = Debug|Win32
		{16A93F13-12D7-FD42-F1E5-BB9074C356A1}.Release|Win32.ActiveCfg = Release|Win32
		{16A93F13-12D7-FD42-F1E5-BB9074C356A1}.Release|Win32.Build.0 = Release|Win32
		{8321B322-029A-7B06-D192-26CF86627B7D}.Debug|Win32.ActiveCfg = Debug|Win32
		{8321B322-029A-7B06-D192-26CF86627B7D}.Debug|Win32.Build.0 = Debug|Win32
		{8321B322-029A-7B06-D192-26CF86627B7D}.Release|Win32.ActiveCfg = Release|Win32
		{8321B322-029A-7B06-D192-26CF86627B7D}.Release|Win32.Build.0 = Release|Win32
		{827FD942-8FA6-D09B-39C2-CC63D12FD46F}.Debug|Win32.ActiveCfg = Debug|Win32
		{827FD942-8FA6-D09B-39C2-CC63D12FD46F}.Debug|Win32.Build.0 = Debug|Win32
		{827FD942-8FA6-D09B-39C2-CC63D12FD46F}.Release|Win32.ActiveCfg = Release|Win32
		{827FD942-8FA6-D09B-39C2-CC63D12FD46F}.Release|Win32.Build.0 = Release|Win32
	EndGlobalSection
	GlobalSection(SolutionProperties) = preSolution
		HideSolutionNode = FALSE
	EndGlobalSection
EndGlobal
